
Microsoft Visual Studio Solution File, Format Version 11.00
# Visual Studio 2010
Project("{FAE04EC0-301F-11D3-BF4B-00C04F79EFBC}") = "FormattedTabControl", "FormattedTabControl\FormattedTabControl.csproj", "{A3516F6D-8369-4AC3-919F-1444B89F0319}"
EndProject
Project("{FAE04EC0-301F-11D3-BF4B-00C04F79EFBC}") = "DemoApp", "DemoApp\DemoApp.csproj", "{867C386B-D599-48AE-93AC-9C92641F046E}"
EndProject
Global
	GlobalSection(SolutionConfigurationPlatforms) = preSolution
		Debug|Any CPU = Debug|Any CPU
		Debug|Mixed Platforms = Debug|Mixed Platforms
		Debug|x86 = Debug|x86
		Release|Any CPU = Release|Any CPU
		Release|Mixed Platforms = Release|Mixed Platforms
		Release|x86 = Release|x86
	EndGlobalSection
	GlobalSection(ProjectConfigurationPlatforms) = postSolution
		{A3516F6D-8369-4AC3-919F-1444B89F0319}.Debug|Any CPU.ActiveCfg = Debug|Any CPU
		{A3516F6D-8369-4AC3-919F-1444B89F0319}.Debug|Any CPU.Build.0 = Debug|Any CPU
		{A3516F6D-8369-4AC3-919F-1444B89F0319}.Debug|Mixed Platforms.ActiveCfg = Debug|Any CPU
		{A3516F6D-8369-4AC3-919F-1444B89F0319}.Debug|Mixed Platforms.Build.0 = Debug|Any CPU
		{A3516F6D-8369-4AC3-919F-1444B89F0319}.Debug|x86.ActiveCfg = Debug|Any CPU
		{A3516F6D-8369-4AC3-919F-1444B89F0319}.Release|Any CPU.ActiveCfg = Release|Any CPU
		{A3516F6D-8369-4AC3-919F-1444B89F0319}.Release|Any CPU.Build.0 = Release|Any CPU
		{A3516F6D-8369-4AC3-919F-1444B89F0319}.Release|Mixed Platforms.ActiveCfg = Release|Any CPU
		{A3516F6D-8369-4AC3-919F-1444B89F0319}.Release|Mixed Platforms.Build.0 = Release|Any CPU
		{A3516F6D-8369-4AC3-919F-1444B89F0319}.Release|x86.ActiveCfg = Release|Any CPU
		{867C386B-D599-48AE-93AC-9C92641F046E}.Debug|Any CPU.ActiveCfg = Debug|x86
		{867C386B-D599-48AE-93AC-9C92641F046E}.Debug|Mixed Platforms.ActiveCfg = Debug|x86
		{867C386B-D599-48AE-93AC-9C92641F046E}.Debug|Mixed Platforms.Build.0 = Debug|x86
		{867C386B-D599-48AE-93AC-9C92641F046E}.Debug|x86.ActiveCfg = Debug|x86
		{867C386B-D599-48AE-93AC-9C92641F046E}.Debug|x86.Build.0 = Debug|x86
		{867C386B-D599-48AE-93AC-9C92641F046E}.Release|Any CPU.ActiveCfg = Release|x86
		{867C386B-D599-48AE-93AC-9C92641F046E}.Release|Mixed Platforms.ActiveCfg = Release|x86
		{867C386B-D599-48AE-93AC-9C92641F046E}.Release|Mixed Platforms.Build.0 = Release|x86
		{867C386B-D599-48AE-93AC-9C92641F046E}.Release|x86.ActiveCfg = Release|x86
		{867C386B-D599-48AE-93AC-9C92641F046E}.Release|x86.Build.0 = Release|x86
	EndGlobalSection
	GlobalSection(SolutionProperties) = preSolution
		HideSolutionNode = FALSE
	EndGlobalSection
EndGlobal
